// !$*UTF8*$!
{
	archiveVersion = 1;
	classes = {
	};
	objectVersion = 52;
	objects = {

/* Begin PBXBuildFile section */
		1F3032BD234E0F81007F2083 /* AppDelegate.swift in Sources */ = {isa = PBXBuildFile; fileRef = 1F3032BC234E0F81007F2083 /* AppDelegate.swift */; };
		1F3032BF234E0F81007F2083 /* SceneDelegate.swift in Sources */ = {isa = PBXBuildFile; fileRef = 1F3032BE234E0F81007F2083 /* SceneDelegate.swift */; };
		1F3032C1234E0F81007F2083 /* ViewController.swift in Sources */ = {isa = PBXBuildFile; fileRef = 1F3032C0234E0F81007F2083 /* ViewController.swift */; };
		1F3032C4234E0F81007F2083 /* Main.storyboard in Resources */ = {isa = PBXBuildFile; fileRef = 1F3032C2234E0F81007F2083 /* Main.storyboard */; };
		1F3032C6234E0F83007F2083 /* Assets.xcassets in Resources */ = {isa = PBXBuildFile; fileRef = 1F3032C5234E0F83007F2083 /* Assets.xcassets */; };
		1F3032C9234E0F83007F2083 /* LaunchScreen.storyboard in Resources */ = {isa = PBXBuildFile; fileRef = 1F3032C7234E0F83007F2083 /* LaunchScreen.storyboard */; };
		1F3032D1234E14A5007F2083 /* baylor.jpg in Resources */ = {isa = PBXBuildFile; fileRef = 1F3032D0234E14A5007F2083 /* baylor.jpg */; };
		1F58DF3923D346FC00B0C88A /* ResampleFilter.swift in Sources */ = {isa = PBXBuildFile; fileRef = 1F58DF3823D346FC00B0C88A /* ResampleFilter.swift */; };
		1F58DF3B23D349C300B0C88A /* DifferenceOfImages.swift in Sources */ = {isa = PBXBuildFile; fileRef = 1F58DF3A23D349C300B0C88A /* DifferenceOfImages.swift */; };
		1F58DF3D23D357A300B0C88A /* originalUIImage_1.png in Resources */ = {isa = PBXBuildFile; fileRef = 1F58DF3C23D357A300B0C88A /* originalUIImage_1.png */; };
		1F941B8D23DFE33600918160 /* RSTOa.png in Resources */ = {isa = PBXBuildFile; fileRef = 1F941B8C23DFE33600918160 /* RSTOa.png */; };
		1FA687B423E2922B00347734 /* ming_little.png in Resources */ = {isa = PBXBuildFile; fileRef = 1FA687B323E2922B00347734 /* ming_little.png */; };
		1FB2BD0523E16E48006F59BE /* SwiftImage in Frameworks */ = {isa = PBXBuildFile; productRef = 1FB2BD0423E16E48006F59BE /* SwiftImage */; };
		1FB2BD0723E16EB6006F59BE /* ming.png in Resources */ = {isa = PBXBuildFile; fileRef = 1FB2BD0623E16EB6006F59BE /* ming.png */; };
		1FB2BD0A23E1C165006F59BE /* Swim in Frameworks */ = {isa = PBXBuildFile; productRef = 1FB2BD0923E1C165006F59BE /* Swim */; };
		1FB2BD0C23E1C1D4006F59BE /* TestSwim.swift in Sources */ = {isa = PBXBuildFile; fileRef = 1FB2BD0B23E1C1D4006F59BE /* TestSwim.swift */; };
		1FB2BD1023E1E3A9006F59BE /* ImageResampleAlgorithm.m in Sources */ = {isa = PBXBuildFile; fileRef = 1FB2BD0F23E1E3A9006F59BE /* ImageResampleAlgorithm.m */; };
		1FC0075D236B406900C7F335 /* SecondViewController.swift in Sources */ = {isa = PBXBuildFile; fileRef = 1FC0075C236B406900C7F335 /* SecondViewController.swift */; };
/* End PBXBuildFile section */

/* Begin PBXFileReference section */
		1F3032B9234E0F81007F2083 /* TestImage.app */ = {isa = PBXFileReference; explicitFileType = wrapper.application; includeInIndex = 0; path = TestImage.app; sourceTree = BUILT_PRODUCTS_DIR; };
		1F3032BC234E0F81007F2083 /* AppDelegate.swift */ = {isa = PBXFileReference; lastKnownFileType = sourcecode.swift; path = AppDelegate.swift; sourceTree = "<group>"; };
		1F3032BE234E0F81007F2083 /* SceneDelegate.swift */ = {isa = PBXFileReference; lastKnownFileType = sourcecode.swift; path = SceneDelegate.swift; sourceTree = "<group>"; };
		1F3032C0234E0F81007F2083 /* ViewController.swift */ = {isa = PBXFileReference; lastKnownFileType = sourcecode.swift; path = ViewController.swift; sourceTree = "<group>"; };
		1F3032C3234E0F81007F2083 /* Base */ = {isa = PBXFileReference; lastKnownFileType = file.storyboard; name = Base; path = Base.lproj/Main.storyboard; sourceTree = "<group>"; };
		1F3032C5234E0F83007F2083 /* Assets.xcassets */ = {isa = PBXFileReference; lastKnownFileType = folder.assetcatalog; path = Assets.xcassets; sourceTree = "<group>"; };
		1F3032C8234E0F83007F2083 /* Base */ = {isa = PBXFileReference; lastKnownFileType = file.storyboard; name = Base; path = Base.lproj/LaunchScreen.storyboard; sourceTree = "<group>"; };
		1F3032CA234E0F83007F2083 /* Info.plist */ = {isa = PBXFileReference; lastKnownFileType = text.plist.xml; path = Info.plist; sourceTree = "<group>"; };
		1F3032D0234E14A5007F2083 /* baylor.jpg */ = {isa = PBXFileReference; lastKnownFileType = image.jpeg; path = baylor.jpg; sourceTree = "<group>"; };
		1F58DF3823D346FC00B0C88A /* ResampleFilter.swift */ = {isa = PBXFileReference; lastKnownFileType = sourcecode.swift; path = ResampleFilter.swift; sourceTree = "<group>"; };
		1F58DF3A23D349C300B0C88A /* DifferenceOfImages.swift */ = {isa = PBXFileReference; lastKnownFileType = sourcecode.swift; path = DifferenceOfImages.swift; sourceTree = "<group>"; };
		1F58DF3C23D357A300B0C88A /* originalUIImage_1.png */ = {isa = PBXFileReference; lastKnownFileType = image.png; path = originalUIImage_1.png; sourceTree = "<group>"; };
		1F941B8C23DFE33600918160 /* RSTOa.png */ = {isa = PBXFileReference; lastKnownFileType = image.png; path = RSTOa.png; sourceTree = "<group>"; };
		1FA687B323E2922B00347734 /* ming_little.png */ = {isa = PBXFileReference; lastKnownFileType = image.png; path = ming_little.png; sourceTree = "<group>"; };
		1FB2BD0623E16EB6006F59BE /* ming.png */ = {isa = PBXFileReference; lastKnownFileType = image.png; path = ming.png; sourceTree = "<group>"; };
		1FB2BD0B23E1C1D4006F59BE /* TestSwim.swift */ = {isa = PBXFileReference; lastKnownFileType = sourcecode.swift; path = TestSwim.swift; sourceTree = "<group>"; };
		1FB2BD0D23E1E3A8006F59BE /* TestImage-Bridging-Header.h */ = {isa = PBXFileReference; lastKnownFileType = sourcecode.c.h; path = "TestImage-Bridging-Header.h"; sourceTree = "<group>"; };
		1FB2BD0E23E1E3A9006F59BE /* ImageResampleAlgorithm.h */ = {isa = PBXFileReference; lastKnownFileType = sourcecode.c.h; path = ImageResampleAlgorithm.h; sourceTree = "<group>"; };
		1FB2BD0F23E1E3A9006F59BE /* ImageResampleAlgorithm.m */ = {isa = PBXFileReference; lastKnownFileType = sourcecode.c.objc; path = ImageResampleAlgorithm.m; sourceTree = "<group>"; };
		1FC0075C236B406900C7F335 /* SecondViewController.swift */ = {isa = PBXFileReference; lastKnownFileType = sourcecode.swift; path = SecondViewController.swift; sourceTree = "<group>"; };
/* End PBXFileReference section */

/* Begin PBXFrameworksBuildPhase section */
		1F3032B6234E0F81007F2083 /* Frameworks */ = {
			isa = PBXFrameworksBuildPhase;
			buildActionMask = 2147483647;
			files = (
				1FB2BD0A23E1C165006F59BE /* Swim in Frameworks */,
				1FB2BD0523E16E48006F59BE /* SwiftImage in Frameworks */,
			);
			runOnlyForDeploymentPostprocessing = 0;
		};
/* End PBXFrameworksBuildPhase section */

/* Begin PBXGroup section */
		1F3032B0234E0F81007F2083 = {
			isa = PBXGroup;
			children = (
				1F3032BB234E0F81007F2083 /* TestImage */,
				1F3032BA234E0F81007F2083 /* Products */,
			);
			sourceTree = "<group>";
		};
		1F3032BA234E0F81007F2083 /* Products */ = {
			isa = PBXGroup;
			children = (
				1F3032B9234E0F81007F2083 /* TestImage.app */,
			);
			name = Products;
			sourceTree = "<group>";
		};
		1F3032BB234E0F81007F2083 /* TestImage */ = {
			isa = PBXGroup;
			children = (
				1F3032BC234E0F81007F2083 /* AppDelegate.swift */,
				1F3032BE234E0F81007F2083 /* SceneDelegate.swift */,
				1F3032C0234E0F81007F2083 /* ViewController.swift */,
				1FB2BD0E23E1E3A9006F59BE /* ImageResampleAlgorithm.h */,
				1FB2BD0F23E1E3A9006F59BE /* ImageResampleAlgorithm.m */,
				1FB2BD0B23E1C1D4006F59BE /* TestSwim.swift */,
				1F58DF3823D346FC00B0C88A /* ResampleFilter.swift */,
				1F58DF3A23D349C300B0C88A /* DifferenceOfImages.swift */,
				1FC0075C236B406900C7F335 /* SecondViewController.swift */,
				1F3032C2234E0F81007F2083 /* Main.storyboard */,
				1F3032C5234E0F83007F2083 /* Assets.xcassets */,
				1F3032C7234E0F83007F2083 /* LaunchScreen.storyboard */,
				1F3032CA234E0F83007F2083 /* Info.plist */,
				1F58DF3C23D357A300B0C88A /* originalUIImage_1.png */,
				1FB2BD0623E16EB6006F59BE /* ming.png */,
				1FA687B323E2922B00347734 /* ming_little.png */,
				1F941B8C23DFE33600918160 /* RSTOa.png */,
				1F3032D0234E14A5007F2083 /* baylor.jpg */,
				1FB2BD0D23E1E3A8006F59BE /* TestImage-Bridging-Header.h */,
			);
			path = TestImage;
			sourceTree = "<group>";
		};
/* End PBXGroup section */

/* Begin PBXNativeTarget section */
		1F3032B8234E0F81007F2083 /* TestImage */ = {
			isa = PBXNativeTarget;
			buildConfigurationList = 1F3032CD234E0F83007F2083 /* Build configuration list for PBXNativeTarget "TestImage" */;
			buildPhases = (
				1F3032B5234E0F81007F2083 /* Sources */,
				1F3032B6234E0F81007F2083 /* Frameworks */,
				1F3032B7234E0F81007F2083 /* Resources */,
			);
			buildRules = (
			);
			dependencies = (
			);
			name = TestImage;
			packageProductDependencies = (
				1FB2BD0423E16E48006F59BE /* SwiftImage */,
				1FB2BD0923E1C165006F59BE /* Swim */,
			);
			productName = TestImage;
			productReference = 1F3032B9234E0F81007F2083 /* TestImage.app */;
			productType = "com.apple.product-type.application";
		};
/* End PBXNativeTarget section */

/* Begin PBXProject section */
		1F3032B1234E0F81007F2083 /* Project object */ = {
			isa = PBXProject;
			attributes = {
				LastSwiftUpdateCheck = 1110;
				LastUpgradeCheck = 1110;
				ORGANIZATIONNAME = Zhang;
				TargetAttributes = {
					1F3032B8234E0F81007F2083 = {
						CreatedOnToolsVersion = 11.1;
						LastSwiftMigration = 1130;
					};
				};
			};
			buildConfigurationList = 1F3032B4234E0F81007F2083 /* Build configuration list for PBXProject "TestImage" */;
			compatibilityVersion = "Xcode 9.3";
			developmentRegion = en;
			hasScannedForEncodings = 0;
			knownRegions = (
				en,
				Base,
			);
			mainGroup = 1F3032B0234E0F81007F2083;
			packageReferences = (
				1FB2BD0323E16E48006F59BE /* XCRemoteSwiftPackageReference "swift-image" */,
				1FB2BD0823E1C165006F59BE /* XCRemoteSwiftPackageReference "swim" */,
			);
			productRefGroup = 1F3032BA234E0F81007F2083 /* Products */;
			projectDirPath = "";
			projectRoot = "";
			targets = (
				1F3032B8234E0F81007F2083 /* TestImage */,
			);
		};
/* End PBXProject section */

/* Begin PBXResourcesBuildPhase section */
		1F3032B7234E0F81007F2083 /* Resources */ = {
			isa = PBXResourcesBuildPhase;
			buildActionMask = 2147483647;
			files = (
				1FB2BD0723E16EB6006F59BE /* ming.png in Resources */,
				1F58DF3D23D357A300B0C88A /* originalUIImage_1.png in Resources */,
				1FA687B423E2922B00347734 /* ming_little.png in Resources */,
				1F3032C9234E0F83007F2083 /* LaunchScreen.storyboard in Resources */,
				1F3032C6234E0F83007F2083 /* Assets.xcassets in Resources */,
				1F3032D1234E14A5007F2083 /* baylor.jpg in Resources */,
				1F3032C4234E0F81007F2083 /* Main.storyboard in Resources */,
				1F941B8D23DFE33600918160 /* RSTOa.png in Resources */,
			);
			runOnlyForDeploymentPostprocessing = 0;
		};
/* End PBXResourcesBuildPhase section */

/* Begin PBXSourcesBuildPhase section */
		1F3032B5234E0F81007F2083 /* Sources */ = {
			isa = PBXSourcesBuildPhase;
			buildActionMask = 2147483647;
			files = (
				1FB2BD0C23E1C1D4006F59BE /* TestSwim.swift in Sources */,
				1FC0075D236B406900C7F335 /* SecondViewController.swift in Sources */,
				1F3032C1234E0F81007F2083 /* ViewController.swift in Sources */,
				1F3032BD234E0F81007F2083 /* AppDelegate.swift in Sources */,
				1F3032BF234E0F81007F2083 /* SceneDelegate.swift in Sources */,
				1F58DF3923D346FC00B0C88A /* ResampleFilter.swift in Sources */,
				1FB2BD1023E1E3A9006F59BE /* ImageResampleAlgorithm.m in Sources */,
				1F58DF3B23D349C300B0C88A /* DifferenceOfImages.swift in Sources */,
			);
			runOnlyForDeploymentPostprocessing = 0;
		};
/* End PBXSourcesBuildPhase section */

/* Begin PBXVariantGroup section */
		1F3032C2234E0F81007F2083 /* Main.storyboard */ = {
			isa = PBXVariantGroup;
			children = (
				1F3032C3234E0F81007F2083 /* Base */,
			);
			name = Main.storyboard;
			sourceTree = "<group>";
		};
		1F3032C7234E0F83007F2083 /* LaunchScreen.storyboard */ = {
			isa = PBXVariantGroup;
			children = (
				1F3032C8234E0F83007F2083 /* Base */,
			);
			name = LaunchScreen.storyboard;
			sourceTree = "<group>";
		};
/* End PBXVariantGroup section */

/* Begin XCBuildConfiguration section */
		1F3032CB234E0F83007F2083 /* Debug */ = {
			isa = XCBuildConfiguration;
			buildSettings = {
				ALWAYS_SEARCH_USER_PATHS = NO;
				CLANG_ANALYZER_NONNULL = YES;
				CLANG_ANALYZER_NUMBER_OBJECT_CONVERSION = YES_AGGRESSIVE;
				CLANG_CXX_LANGUAGE_STANDARD = "gnu++14";
				CLANG_CXX_LIBRARY = "libc++";
				CLANG_ENABLE_MODULES = YES;
				CLANG_ENABLE_OBJC_ARC = YES;
				CLANG_ENABLE_OBJC_WEAK = YES;
				CLANG_WARN_BLOCK_CAPTURE_AUTORELEASING = YES;
				CLANG_WARN_BOOL_CONVERSION = YES;
				CLANG_WARN_COMMA = YES;
				CLANG_WARN_CONSTANT_CONVERSION = YES;
				CLANG_WARN_DEPRECATED_OBJC_IMPLEMENTATIONS = YES;
				CLANG_WARN_DIRECT_OBJC_ISA_USAGE = YES_ERROR;
				CLANG_WARN_DOCUMENTATION_COMMENTS = YES;
				CLANG_WARN_EMPTY_BODY = YES;
				CLANG_WARN_ENUM_CONVERSION = YES;
				CLANG_WARN_INFINITE_RECURSION = YES;
				CLANG_WARN_INT_CONVERSION = YES;
				CLANG_WARN_NON_LITERAL_NULL_CONVERSION = YES;
				CLANG_WARN_OBJC_IMPLICIT_RETAIN_SELF = YES;
				CLANG_WARN_OBJC_LITERAL_CONVERSION = YES;
				CLANG_WARN_OBJC_ROOT_CLASS = YES_ERROR;
				CLANG_WARN_RANGE_LOOP_ANALYSIS = YES;
				CLANG_WARN_STRICT_PROTOTYPES = YES;
				CLANG_WARN_SUSPICIOUS_MOVE = YES;
				CLANG_WARN_UNGUARDED_AVAILABILITY = YES_AGGRESSIVE;
				CLANG_WARN_UNREACHABLE_CODE = YES;
				CLANG_WARN__DUPLICATE_METHOD_MATCH = YES;
				COPY_PHASE_STRIP = NO;
				DEBUG_INFORMATION_FORMAT = dwarf;
				ENABLE_STRICT_OBJC_MSGSEND = YES;
				ENABLE_TESTABILITY = YES;
				GCC_C_LANGUAGE_STANDARD = gnu11;
				GCC_DYNAMIC_NO_PIC = NO;
				GCC_NO_COMMON_BLOCKS = YES;
				GCC_OPTIMIZATION_LEVEL = 0;
				GCC_PREPROCESSOR_DEFINITIONS = (
					"DEBUG=1",
					"$(inherited)",
				);
				GCC_WARN_64_TO_32_BIT_CONVERSION = YES;
				GCC_WARN_ABOUT_RETURN_TYPE = YES_ERROR;
				GCC_WARN_UNDECLARED_SELECTOR = YES;
				GCC_WARN_UNINITIALIZED_AUTOS = YES_AGGRESSIVE;
				GCC_WARN_UNUSED_FUNCTION = YES;
				GCC_WARN_UNUSED_VARIABLE = YES;
				IPHONEOS_DEPLOYMENT_TARGET = 13.1;
				MTL_ENABLE_DEBUG_INFO = INCLUDE_SOURCE;
				MTL_FAST_MATH = YES;
				ONLY_ACTIVE_ARCH = YES;
				SDKROOT = iphoneos;
				SWIFT_ACTIVE_COMPILATION_CONDITIONS = DEBUG;
				SWIFT_OPTIMIZATION_LEVEL = "-Onone";
			};
			name = Debug;
		};
		1F3032CC234E0F83007F2083 /* Release */ = {
			isa = XCBuildConfiguration;
			buildSettings = {
				ALWAYS_SEARCH_USER_PATHS = NO;
				CLANG_ANALYZER_NONNULL = YES;
				CLANG_ANALYZER_NUMBER_OBJECT_CONVERSION = YES_AGGRESSIVE;
				CLANG_CXX_LANGUAGE_STANDARD = "gnu++14";
				CLANG_CXX_LIBRARY = "libc++";
				CLANG_ENABLE_MODULES = YES;
				CLANG_ENABLE_OBJC_ARC = YES;
				CLANG_ENABLE_OBJC_WEAK = YES;
				CLANG_WARN_BLOCK_CAPTURE_AUTORELEASING = YES;
				CLANG_WARN_BOOL_CONVERSION = YES;
				CLANG_WARN_COMMA = YES;
				CLANG_WARN_CONSTANT_CONVERSION = YES;
				CLANG_WARN_DEPRECATED_OBJC_IMPLEMENTATIONS = YES;
				CLANG_WARN_DIRECT_OBJC_ISA_USAGE = YES_ERROR;
				CLANG_WARN_DOCUMENTATION_COMMENTS = YES;
				CLANG_WARN_EMPTY_BODY = YES;
				CLANG_WARN_ENUM_CONVERSION = YES;
				CLANG_WARN_INFINITE_RECURSION = YES;
				CLANG_WARN_INT_CONVERSION = YES;
				CLANG_WARN_NON_LITERAL_NULL_CONVERSION = YES;
				CLANG_WARN_OBJC_IMPLICIT_RETAIN_SELF = YES;
				CLANG_WARN_OBJC_LITERAL_CONVERSION = YES;
				CLANG_WARN_OBJC_ROOT_CLASS = YES_ERROR;
				CLANG_WARN_RANGE_LOOP_ANALYSIS = YES;
				CLANG_WARN_STRICT_PROTOTYPES = YES;
				CLANG_WARN_SUSPICIOUS_MOVE = YES;
				CLANG_WARN_UNGUARDED_AVAILABILITY = YES_AGGRESSIVE;
				CLANG_WARN_UNREACHABLE_CODE = YES;
				CLANG_WARN__DUPLICATE_METHOD_MATCH = YES;
				COPY_PHASE_STRIP = NO;
				DEBUG_INFORMATION_FORMAT = "dwarf-with-dsym";
				ENABLE_NS_ASSERTIONS = NO;
				ENABLE_STRICT_OBJC_MSGSEND = YES;
				GCC_C_LANGUAGE_STANDARD = gnu11;
				GCC_NO_COMMON_BLOCKS = YES;
				GCC_WARN_64_TO_32_BIT_CONVERSION = YES;
				GCC_WARN_ABOUT_RETURN_TYPE = YES_ERROR;
				GCC_WARN_UNDECLARED_SELECTOR = YES;
				GCC_WARN_UNINITIALIZED_AUTOS = YES_AGGRESSIVE;
				GCC_WARN_UNUSED_FUNCTION = YES;
				GCC_WARN_UNUSED_VARIABLE = YES;
				IPHONEOS_DEPLOYMENT_TARGET = 13.1;
				MTL_ENABLE_DEBUG_INFO = NO;
				MTL_FAST_MATH = YES;
				SDKROOT = iphoneos;
				SWIFT_COMPILATION_MODE = wholemodule;
				SWIFT_OPTIMIZATION_LEVEL = "-O";
				VALIDATE_PRODUCT = YES;
			};
			name = Release;
		};
		1F3032CE234E0F83007F2083 /* Debug */ = {
			isa = XCBuildConfiguration;
			buildSettings = {
				ASSETCATALOG_COMPILER_APPICON_NAME = AppIcon;
				CLANG_ENABLE_MODULES = YES;
				CODE_SIGN_STYLE = Automatic;
				INFOPLIST_FILE = TestImage/Info.plist;
				LD_RUNPATH_SEARCH_PATHS = (
					"$(inherited)",
					"@executable_path/Frameworks",
				);
				PRODUCT_BUNDLE_IDENTIFIER = com.hansonstudio.TestImage;
				PRODUCT_NAME = "$(TARGET_NAME)";
				SWIFT_OBJC_BRIDGING_HEADER = "TestImage/TestImage-Bridging-Header.h";
				SWIFT_OPTIMIZATION_LEVEL = "-Onone";
				SWIFT_VERSION = 5.0;
				TARGETED_DEVICE_FAMILY = "1,2";
			};
			name = Debug;
		};
		1F3032CF234E0F83007F2083 /* Release */ = {
			isa = XCBuildConfiguration;
			buildSettings = {
				ASSETCATALOG_COMPILER_APPICON_NAME = AppIcon;
				CLANG_ENABLE_MODULES = YES;
				CODE_SIGN_STYLE = Automatic;
				INFOPLIST_FILE = TestImage/Info.plist;
				LD_RUNPATH_SEARCH_PATHS = (
					"$(inherited)",
					"@executable_path/Frameworks",
				);
				PRODUCT_BUNDLE_IDENTIFIER = com.hansonstudio.TestImage;
				PRODUCT_NAME = "$(TARGET_NAME)";
				SWIFT_OBJC_BRIDGING_HEADER = "TestImage/TestImage-Bridging-Header.h";
				SWIFT_VERSION = 5.0;
				TARGETED_DEVICE_FAMILY = "1,2";
			};
			name = Release;
		};
/* End XCBuildConfiguration section */

/* Begin XCConfigurationList section */
		1F3032B4234E0F81007F2083 /* Build configuration list for PBXProject "TestImage" */ = {
			isa = XCConfigurationList;
			buildConfigurations = (
				1F3032CB234E0F83007F2083 /* Debug */,
				1F3032CC234E0F83007F2083 /* Release */,
			);
			defaultConfigurationIsVisible = 0;
			defaultConfigurationName = Release;
		};
		1F3032CD234E0F83007F2083 /* Build configuration list for PBXNativeTarget "TestImage" */ = {
			isa = XCConfigurationList;
			buildConfigurations = (
				1F3032CE234E0F83007F2083 /* Debug */,
				1F3032CF234E0F83007F2083 /* Release */,
			);
			defaultConfigurationIsVisible = 0;
			defaultConfigurationName = Release;
		};
/* End XCConfigurationList section */

/* Begin XCRemoteSwiftPackageReference section */
		1FB2BD0323E16E48006F59BE /* XCRemoteSwiftPackageReference "swift-image" */ = {
			isa = XCRemoteSwiftPackageReference;
			repositoryURL = "https://github.com/koher/swift-image.git";
			requirement = {
				kind = upToNextMajorVersion;
				minimumVersion = 0.7.0;
			};
		};
		1FB2BD0823E1C165006F59BE /* XCRemoteSwiftPackageReference "swim" */ = {
			isa = XCRemoteSwiftPackageReference;
			repositoryURL = "https://github.com/t-ae/swim.git";
			requirement = {
				kind = upToNextMajorVersion;
				minimumVersion = 3.8.0;
			};
		};
/* End XCRemoteSwiftPackageReference section */

/* Begin XCSwiftPackageProductDependency section */
		1FB2BD0423E16E48006F59BE /* SwiftImage */ = {
			isa = XCSwiftPackageProductDependency;
			package = 1FB2BD0323E16E48006F59BE /* XCRemoteSwiftPackageReference "swift-image" */;
			productName = SwiftImage;
		};
		1FB2BD0923E1C165006F59BE /* Swim */ = {
			isa = XCSwiftPackageProductDependency;
			package = 1FB2BD0823E1C165006F59BE /* XCRemoteSwiftPackageReference "swim" */;
			productName = Swim;
		};
/* End XCSwiftPackageProductDependency section */
	};
	rootObject = 1F3032B1234E0F81007F2083 /* Project object */;
}
